
Microsoft Visual Studio Solution File, Format Version 12.00
# Visual Studio 14
VisualStudioVersion = 14.0.25420.1
MinimumVisualStudioVersion = 10.0.40219.1
Project("{FAE04EC0-301F-11D3-BF4B-00C04F79EFBC}") = "DeclareInitArray", "CSharpArrays\DeclareInitArray.csproj", "{8D1F80E7-84C9-4A72-AECC-F2B7329FDF8D}"
EndProject
Project("{FAE04EC0-301F-11D3-BF4B-00C04F79EFBC}") = "BasicArrayOps", "BasicArrayOps\BasicArrayOps.csproj", "{D4217599-DF29-4907-8853-63072C1CCCED}"
EndProject
Project("{FAE04EC0-301F-11D3-BF4B-00C04F79EFBC}") = "EnumerateArray", "EnumerateArray\EnumerateArray.csproj", "{8A6E1643-BB73-46C3-84C8-44540ED7FBAA}"
EndProject
Project("{FAE04EC0-301F-11D3-BF4B-00C04F79EFBC}") = "ForeachReadOnly", "ForeachReadOnly\ForeachReadOnly.csproj", "{1617F422-4864-4D53-8A46-41257B5D1093}"
EndProject
Project("{FAE04EC0-301F-11D3-BF4B-00C04F79EFBC}") = "ArrayCovariance", "ArrayCovariance\ArrayCovariance.csproj", "{358244E9-7D4B-4C50-9164-06B922DF293A}"
EndProject
Project("{FAE04EC0-301F-11D3-BF4B-00C04F79EFBC}") = "BinarySearch", "BinarySearch\BinarySearch.csproj", "{60252D2B-1298-44C1-9B99-ED8F59C5821E}"
EndProject
Project("{FAE04EC0-301F-11D3-BF4B-00C04F79EFBC}") = "ArrayCopy", "ArrayCopy\ArrayCopy.csproj", "{6B884BEA-8684-4BCE-9F62-E2ED86A0C99E}"
EndProject
Project("{FAE04EC0-301F-11D3-BF4B-00C04F79EFBC}") = "ReverseArray", "ReverseArray\ReverseArray.csproj", "{0CB34B40-D39C-4631-BC78-2B7B23560D7F}"
EndProject
Project("{FAE04EC0-301F-11D3-BF4B-00C04F79EFBC}") = "SortArray", "SortArray\SortArray.csproj", "{75CEE98D-BAF6-4479-B410-E018C06F9A4A}"
EndProject
Project("{FAE04EC0-301F-11D3-BF4B-00C04F79EFBC}") = "FindElements", "FindElements\FindElements.csproj", "{448006C7-052D-4A9E-BD1E-A2AFDFA95880}"
EndProject
Project("{FAE04EC0-301F-11D3-BF4B-00C04F79EFBC}") = "Count", "Count\Count.csproj", "{1EA56FE9-3E0F-4FE0-A2D9-1A2B411C906F}"
EndProject
Project("{FAE04EC0-301F-11D3-BF4B-00C04F79EFBC}") = "AddToList", "AddToList\AddToList.csproj", "{8BBB7909-39B3-48F8-A01A-27F91947C847}"
EndProject
Project("{FAE04EC0-301F-11D3-BF4B-00C04F79EFBC}") = "NonBlankStringList", "NonBlankStringList\NonBlankStringList.csproj", "{2A060FCD-3D05-4E9D-A7C5-35C41E834A88}"
EndProject
Project("{FAE04EC0-301F-11D3-BF4B-00C04F79EFBC}") = "ObservableCollection", "ObservableCollection\ObservableCollection.csproj", "{9199D0E2-F982-4809-8842-EC1992E53676}"
EndProject
Project("{FAE04EC0-301F-11D3-BF4B-00C04F79EFBC}") = "LinkedListDemo", "LinkedListDemo\LinkedListDemo.csproj", "{E576388B-BC4A-4D6F-AEBC-EDD3894F7445}"
EndProject
Project("{FAE04EC0-301F-11D3-BF4B-00C04F79EFBC}") = "Stacks", "Stacks\Stacks.csproj", "{FD139AC4-16E9-490E-A01A-5D665A51F143}"
EndProject
Project("{FAE04EC0-301F-11D3-BF4B-00C04F79EFBC}") = "Queues", "Queues\Queues.csproj", "{DBF7508A-6050-4C54-8708-49F6BB8B2B51}"
EndProject
Global
	GlobalSection(SolutionConfigurationPlatforms) = preSolution
		Debug|Any CPU = Debug|Any CPU
		Release|Any CPU = Release|Any CPU
	EndGlobalSection
	GlobalSection(ProjectConfigurationPlatforms) = postSolution
		{8D1F80E7-84C9-4A72-AECC-F2B7329FDF8D}.Debug|Any CPU.ActiveCfg = Debug|Any CPU
		{8D1F80E7-84C9-4A72-AECC-F2B7329FDF8D}.Debug|Any CPU.Build.0 = Debug|Any CPU
		{8D1F80E7-84C9-4A72-AECC-F2B7329FDF8D}.Release|Any CPU.ActiveCfg = Release|Any CPU
		{8D1F80E7-84C9-4A72-AECC-F2B7329FDF8D}.Release|Any CPU.Build.0 = Release|Any CPU
		{D4217599-DF29-4907-8853-63072C1CCCED}.Debug|Any CPU.ActiveCfg = Debug|Any CPU
		{D4217599-DF29-4907-8853-63072C1CCCED}.Debug|Any CPU.Build.0 = Debug|Any CPU
		{D4217599-DF29-4907-8853-63072C1CCCED}.Release|Any CPU.ActiveCfg = Release|Any CPU
		{D4217599-DF29-4907-8853-63072C1CCCED}.Release|Any CPU.Build.0 = Release|Any CPU
		{8A6E1643-BB73-46C3-84C8-44540ED7FBAA}.Debug|Any CPU.ActiveCfg = Debug|Any CPU
		{8A6E1643-BB73-46C3-84C8-44540ED7FBAA}.Debug|Any CPU.Build.0 = Debug|Any CPU
		{8A6E1643-BB73-46C3-84C8-44540ED7FBAA}.Release|Any CPU.ActiveCfg = Release|Any CPU
		{8A6E1643-BB73-46C3-84C8-44540ED7FBAA}.Release|Any CPU.Build.0 = Release|Any CPU
		{1617F422-4864-4D53-8A46-41257B5D1093}.Debug|Any CPU.ActiveCfg = Debug|Any CPU
		{1617F422-4864-4D53-8A46-41257B5D1093}.Debug|Any CPU.Build.0 = Debug|Any CPU
		{1617F422-4864-4D53-8A46-41257B5D1093}.Release|Any CPU.ActiveCfg = Release|Any CPU
		{1617F422-4864-4D53-8A46-41257B5D1093}.Release|Any CPU.Build.0 = Release|Any CPU
		{358244E9-7D4B-4C50-9164-06B922DF293A}.Debug|Any CPU.ActiveCfg = Debug|Any CPU
		{358244E9-7D4B-4C50-9164-06B922DF293A}.Debug|Any CPU.Build.0 = Debug|Any CPU
		{358244E9-7D4B-4C50-9164-06B922DF293A}.Release|Any CPU.ActiveCfg = Release|Any CPU
		{358244E9-7D4B-4C50-9164-06B922DF293A}.Release|Any CPU.Build.0 = Release|Any CPU
		{60252D2B-1298-44C1-9B99-ED8F59C5821E}.Debug|Any CPU.ActiveCfg = Debug|Any CPU
		{60252D2B-1298-44C1-9B99-ED8F59C5821E}.Debug|Any CPU.Build.0 = Debug|Any CPU
		{60252D2B-1298-44C1-9B99-ED8F59C5821E}.Release|Any CPU.ActiveCfg = Release|Any CPU
		{60252D2B-1298-44C1-9B99-ED8F59C5821E}.Release|Any CPU.Build.0 = Release|Any CPU
		{6B884BEA-8684-4BCE-9F62-E2ED86A0C99E}.Debug|Any CPU.ActiveCfg = Debug|Any CPU
		{6B884BEA-8684-4BCE-9F62-E2ED86A0C99E}.Debug|Any CPU.Build.0 = Debug|Any CPU
		{6B884BEA-8684-4BCE-9F62-E2ED86A0C99E}.Release|Any CPU.ActiveCfg = Release|Any CPU
		{6B884BEA-8684-4BCE-9F62-E2ED86A0C99E}.Release|Any CPU.Build.0 = Release|Any CPU
		{0CB34B40-D39C-4631-BC78-2B7B23560D7F}.Debug|Any CPU.ActiveCfg = Debug|Any CPU
		{0CB34B40-D39C-4631-BC78-2B7B23560D7F}.Debug|Any CPU.Build.0 = Debug|Any CPU
		{0CB34B40-D39C-4631-BC78-2B7B23560D7F}.Release|Any CPU.ActiveCfg = Release|Any CPU
		{0CB34B40-D39C-4631-BC78-2B7B23560D7F}.Release|Any CPU.Build.0 = Release|Any CPU
		{75CEE98D-BAF6-4479-B410-E018C06F9A4A}.Debug|Any CPU.ActiveCfg = Debug|Any CPU
		{75CEE98D-BAF6-4479-B410-E018C06F9A4A}.Debug|Any CPU.Build.0 = Debug|Any CPU
		{75CEE98D-BAF6-4479-B410-E018C06F9A4A}.Release|Any CPU.ActiveCfg = Release|Any CPU
		{75CEE98D-BAF6-4479-B410-E018C06F9A4A}.Release|Any CPU.Build.0 = Release|Any CPU
		{448006C7-052D-4A9E-BD1E-A2AFDFA95880}.Debug|Any CPU.ActiveCfg = Debug|Any CPU
		{448006C7-052D-4A9E-BD1E-A2AFDFA95880}.Debug|Any CPU.Build.0 = Debug|Any CPU
		{448006C7-052D-4A9E-BD1E-A2AFDFA95880}.Release|Any CPU.ActiveCfg = Release|Any CPU
		{448006C7-052D-4A9E-BD1E-A2AFDFA95880}.Release|Any CPU.Build.0 = Release|Any CPU
		{1EA56FE9-3E0F-4FE0-A2D9-1A2B411C906F}.Debug|Any CPU.ActiveCfg = Debug|Any CPU
		{1EA56FE9-3E0F-4FE0-A2D9-1A2B411C906F}.Debug|Any CPU.Build.0 = Debug|Any CPU
		{1EA56FE9-3E0F-4FE0-A2D9-1A2B411C906F}.Release|Any CPU.ActiveCfg = Release|Any CPU
		{1EA56FE9-3E0F-4FE0-A2D9-1A2B411C906F}.Release|Any CPU.Build.0 = Release|Any CPU
		{8BBB7909-39B3-48F8-A01A-27F91947C847}.Debug|Any CPU.ActiveCfg = Debug|Any CPU
		{8BBB7909-39B3-48F8-A01A-27F91947C847}.Debug|Any CPU.Build.0 = Debug|Any CPU
		{8BBB7909-39B3-48F8-A01A-27F91947C847}.Release|Any CPU.ActiveCfg = Release|Any CPU
		{8BBB7909-39B3-48F8-A01A-27F91947C847}.Release|Any CPU.Build.0 = Release|Any CPU
		{2A060FCD-3D05-4E9D-A7C5-35C41E834A88}.Debug|Any CPU.ActiveCfg = Debug|Any CPU
		{2A060FCD-3D05-4E9D-A7C5-35C41E834A88}.Debug|Any CPU.Build.0 = Debug|Any CPU
		{2A060FCD-3D05-4E9D-A7C5-35C41E834A88}.Release|Any CPU.ActiveCfg = Release|Any CPU
		{2A060FCD-3D05-4E9D-A7C5-35C41E834A88}.Release|Any CPU.Build.0 = Release|Any CPU
		{9199D0E2-F982-4809-8842-EC1992E53676}.Debug|Any CPU.ActiveCfg = Debug|Any CPU
		{9199D0E2-F982-4809-8842-EC1992E53676}.Debug|Any CPU.Build.0 = Debug|Any CPU
		{9199D0E2-F982-4809-8842-EC1992E53676}.Release|Any CPU.ActiveCfg = Release|Any CPU
		{9199D0E2-F982-4809-8842-EC1992E53676}.Release|Any CPU.Build.0 = Release|Any CPU
		{E576388B-BC4A-4D6F-AEBC-EDD3894F7445}.Debug|Any CPU.ActiveCfg = Debug|Any CPU
		{E576388B-BC4A-4D6F-AEBC-EDD3894F7445}.Debug|Any CPU.Build.0 = Debug|Any CPU
		{E576388B-BC4A-4D6F-AEBC-EDD3894F7445}.Release|Any CPU.ActiveCfg = Release|Any CPU
		{E576388B-BC4A-4D6F-AEBC-EDD3894F7445}.Release|Any CPU.Build.0 = Release|Any CPU
		{FD139AC4-16E9-490E-A01A-5D665A51F143}.Debug|Any CPU.ActiveCfg = Debug|Any CPU
		{FD139AC4-16E9-490E-A01A-5D665A51F143}.Debug|Any CPU.Build.0 = Debug|Any CPU
		{FD139AC4-16E9-490E-A01A-5D665A51F143}.Release|Any CPU.ActiveCfg = Release|Any CPU
		{FD139AC4-16E9-490E-A01A-5D665A51F143}.Release|Any CPU.Build.0 = Release|Any CPU
		{DBF7508A-6050-4C54-8708-49F6BB8B2B51}.Debug|Any CPU.ActiveCfg = Debug|Any CPU
		{DBF7508A-6050-4C54-8708-49F6BB8B2B51}.Debug|Any CPU.Build.0 = Debug|Any CPU
		{DBF7508A-6050-4C54-8708-49F6BB8B2B51}.Release|Any CPU.ActiveCfg = Release|Any CPU
		{DBF7508A-6050-4C54-8708-49F6BB8B2B51}.Release|Any CPU.Build.0 = Release|Any CPU
	EndGlobalSection
	GlobalSection(SolutionProperties) = preSolution
		HideSolutionNode = FALSE
	EndGlobalSection
EndGlobal
